// !$*UTF8*$!
{
	archiveVersion = 1;
	classes = {
	};
	objectVersion = 77;
	objects = {

/* Begin PBXBuildFile section */
		A2018E1C2FB51BBE000D1E87 /* Splash in Frameworks */ = {isa = PBXBuildFile; productRef = A2018E1B2FB51BBE000D1E87 /* Splash */; };
		A2018E1F2FB51C3C000D1E87 /* Highlightr in Frameworks */ = {isa = PBXBuildFile; productRef = A2018E1E2FB51C3C000D1E87 /* Highlightr */; };
		A2B2B98E2FB0D080004C6EEC /* SwiftTerm in Frameworks */ = {isa = PBXBuildFile; productRef = A2B2B98D2FB0D080004C6EEC /* SwiftTerm */; };
/* End PBXBuildFile section */

/* Begin PBXContainerItemProxy section */
		A2B2B69D2FB0145B004C6EEC /* PBXContainerItemProxy */ = {
			isa = PBXContainerItemProxy;
			containerPortal = A2B2B6852FB0145A004C6EEC /* Project object */;
			proxyType = 1;
			remoteGlobalIDString = A2B2B68C2FB0145A004C6EEC;
			remoteInfo = "Soul-Desktop";
		};
		A2B2B6A72FB0145B004C6EEC /* PBXContainerItemProxy */ = {
			isa = PBXContainerItemProxy;
			containerPortal = A2B2B6852FB0145A004C6EEC /* Project object */;
			proxyType = 1;
			remoteGlobalIDString = A2B2B68C2FB0145A004C6EEC;
			remoteInfo = "Soul-Desktop";
		};
/* End PBXContainerItemProxy section */

/* Begin PBXFileReference section */
		A2B2B68D2FB0145A004C6EEC /* Soul-Desktop Dev.app */ = {isa = PBXFileReference; explicitFileType = wrapper.application; includeInIndex = 0; path = "Soul-Desktop Dev.app"; sourceTree = BUILT_PRODUCTS_DIR; };
		A2B2B69C2FB0145B004C6EEC /* Soul-DesktopTests.xctest */ = {isa = PBXFileReference; explicitFileType = wrapper.cfbundle; includeInIndex = 0; path = "Soul-DesktopTests.xctest"; sourceTree = BUILT_PRODUCTS_DIR; };
		A2B2B6A62FB0145B004C6EEC /* Soul-DesktopUITests.xctest */ = {isa = PBXFileReference; explicitFileType = wrapper.cfbundle; includeInIndex = 0; path = "Soul-DesktopUITests.xctest"; sourceTree = BUILT_PRODUCTS_DIR; };
		C0D3C0DE0000000000000001 /* Channel-Dev.xcconfig */ = {isa = PBXFileReference; lastKnownFileType = text.xcconfig; path = "Channel-Dev.xcconfig"; sourceTree = "<group>"; };
		C0D3C0DE0000000000000002 /* Channel-Staging.xcconfig */ = {isa = PBXFileReference; lastKnownFileType = text.xcconfig; path = "Channel-Staging.xcconfig"; sourceTree = "<group>"; };
		C0D3C0DE0000000000000003 /* Channel-Production.xcconfig */ = {isa = PBXFileReference; lastKnownFileType = text.xcconfig; path = "Channel-Production.xcconfig"; sourceTree = "<group>"; };
/* End PBXFileReference section */

/* Begin PBXFileSystemSynchronizedRootGroup section */
		A2B2B68F2FB0145A004C6EEC /* Soul-Desktop */ = {
			isa = PBXFileSystemSynchronizedRootGroup;
			path = "Soul-Desktop";
			sourceTree = "<group>";
		};
		A2B2B69F2FB0145B004C6EEC /* Soul-DesktopTests */ = {
			isa = PBXFileSystemSynchronizedRootGroup;
			path = "Soul-DesktopTests";
			sourceTree = "<group>";
		};
		A2B2B6A92FB0145B004C6EEC /* Soul-DesktopUITests */ = {
			isa = PBXFileSystemSynchronizedRootGroup;
			path = "Soul-DesktopUITests";
			sourceTree = "<group>";
		};
/* End PBXFileSystemSynchronizedRootGroup section */

/* Begin PBXFrameworksBuildPhase section */
		A2B2B68A2FB0145A004C6EEC /* Frameworks */ = {
			isa = PBXFrameworksBuildPhase;
			buildActionMask = 2147483647;
			files = (
				A2B2B98E2FB0D080004C6EEC /* SwiftTerm in Frameworks */,
				A2018E1F2FB51C3C000D1E87 /* Highlightr in Frameworks */,
				A2018E1C2FB51BBE000D1E87 /* Splash in Frameworks */,
			);
			runOnlyForDeploymentPostprocessing = 0;
		};
		A2B2B6992FB0145B004C6EEC /* Frameworks */ = {
			isa = PBXFrameworksBuildPhase;
			buildActionMask = 2147483647;
			files = (
			);
			runOnlyForDeploymentPostprocessing = 0;
		};
		A2B2B6A32FB0145B004C6EEC /* Frameworks */ = {
			isa = PBXFrameworksBuildPhase;
			buildActionMask = 2147483647;
			files = (
			);
			runOnlyForDeploymentPostprocessing = 0;
		};
/* End PBXFrameworksBuildPhase section */

/* Begin PBXGroup section */
		A2B2B6842FB0145A004C6EEC = {
			isa = PBXGroup;
			children = (
				C0D3C0DE0000000000000004 /* Config */,
				A2B2B68F2FB0145A004C6EEC /* Soul-Desktop */,
				A2B2B69F2FB0145B004C6EEC /* Soul-DesktopTests */,
				A2B2B6A92FB0145B004C6EEC /* Soul-DesktopUITests */,
				A2B2B98C2FB0D080004C6EEC /* Frameworks */,
				A2B2B68E2FB0145A004C6EEC /* Products */,
			);
			sourceTree = "<group>";
		};
		A2B2B68E2FB0145A004C6EEC /* Products */ = {
			isa = PBXGroup;
			children = (
				A2B2B68D2FB0145A004C6EEC /* Soul-Desktop Dev.app */,
				A2B2B69C2FB0145B004C6EEC /* Soul-DesktopTests.xctest */,
				A2B2B6A62FB0145B004C6EEC /* Soul-DesktopUITests.xctest */,
			);
			name = Products;
			sourceTree = "<group>";
		};
		A2B2B98C2FB0D080004C6EEC /* Frameworks */ = {
			isa = PBXGroup;
			children = (
			);
			name = Frameworks;
			sourceTree = "<group>";
		};
		C0D3C0DE0000000000000004 /* Config */ = {
			isa = PBXGroup;
			children = (
				C0D3C0DE0000000000000001 /* Channel-Dev.xcconfig */,
				C0D3C0DE0000000000000002 /* Channel-Staging.xcconfig */,
				C0D3C0DE0000000000000003 /* Channel-Production.xcconfig */,
			);
			path = Config;
			sourceTree = "<group>";
		};
/* End PBXGroup section */

/* Begin PBXNativeTarget section */
		A2B2B68C2FB0145A004C6EEC /* Soul-Desktop */ = {
			isa = PBXNativeTarget;
			buildConfigurationList = A2B2B6B02FB0145B004C6EEC /* Build configuration list for PBXNativeTarget "Soul-Desktop" */;
			buildPhases = (
				A2B2B6892FB0145A004C6EEC /* Sources */,
				A2B2B68A2FB0145A004C6EEC /* Frameworks */,
				A2B2B68B2FB0145A004C6EEC /* Resources */,
				C0D3C0DE0000000000000005 /* Copy Bundled Gemini CLI */,
			);
			buildRules = (
			);
			dependencies = (
			);
			fileSystemSynchronizedGroups = (
				A2B2B68F2FB0145A004C6EEC /* Soul-Desktop */,
			);
			name = "Soul-Desktop";
			packageProductDependencies = (
				A2B2B98D2FB0D080004C6EEC /* SwiftTerm */,
				A2018E1B2FB51BBE000D1E87 /* Splash */,
				A2018E1E2FB51C3C000D1E87 /* Highlightr */,
			);
			productName = "Soul-Desktop";
			productReference = A2B2B68D2FB0145A004C6EEC /* Soul-Desktop Dev.app */;
			productType = "com.apple.product-type.application";
		};
		A2B2B69B2FB0145B004C6EEC /* Soul-DesktopTests */ = {
			isa = PBXNativeTarget;
			buildConfigurationList = A2B2B6B32FB0145B004C6EEC /* Build configuration list for PBXNativeTarget "Soul-DesktopTests" */;
			buildPhases = (
				A2B2B6982FB0145B004C6EEC /* Sources */,
				A2B2B6992FB0145B004C6EEC /* Frameworks */,
				A2B2B69A2FB0145B004C6EEC /* Resources */,
			);
			buildRules = (
			);
			dependencies = (
				A2B2B69E2FB0145B004C6EEC /* PBXTargetDependency */,
			);
			fileSystemSynchronizedGroups = (
				A2B2B69F2FB0145B004C6EEC /* Soul-DesktopTests */,
			);
			name = "Soul-DesktopTests";
			packageProductDependencies = (
			);
			productName = "Soul-DesktopTests";
			productReference = A2B2B69C2FB0145B004C6EEC /* Soul-DesktopTests.xctest */;
			productType = "com.apple.product-type.bundle.unit-test";
		};
		A2B2B6A52FB0145B004C6EEC /* Soul-DesktopUITests */ = {
			isa = PBXNativeTarget;
			buildConfigurationList = A2B2B6B62FB0145B004C6EEC /* Build configuration list for PBXNativeTarget "Soul-DesktopUITests" */;
			buildPhases = (
				A2B2B6A22FB0145B004C6EEC /* Sources */,
				A2B2B6A32FB0145B004C6EEC /* Frameworks */,
				A2B2B6A42FB0145B004C6EEC /* Resources */,
			);
			buildRules = (
			);
			dependencies = (
				A2B2B6A82FB0145B004C6EEC /* PBXTargetDependency */,
			);
			fileSystemSynchronizedGroups = (
				A2B2B6A92FB0145B004C6EEC /* Soul-DesktopUITests */,
			);
			name = "Soul-DesktopUITests";
			packageProductDependencies = (
			);
			productName = "Soul-DesktopUITests";
			productReference = A2B2B6A62FB0145B004C6EEC /* Soul-DesktopUITests.xctest */;
			productType = "com.apple.product-type.bundle.ui-testing";
		};
/* End PBXNativeTarget section */

/* Begin PBXProject section */
		A2B2B6852FB0145A004C6EEC /* Project object */ = {
			isa = PBXProject;
			attributes = {
				BuildIndependentTargetsInParallel = 1;
				LastSwiftUpdateCheck = 2640;
				LastUpgradeCheck = 2640;
				TargetAttributes = {
					A2B2B68C2FB0145A004C6EEC = {
						CreatedOnToolsVersion = 26.4.1;
					};
					A2B2B69B2FB0145B004C6EEC = {
						CreatedOnToolsVersion = 26.4.1;
						TestTargetID = A2B2B68C2FB0145A004C6EEC;
					};
					A2B2B6A52FB0145B004C6EEC = {
						CreatedOnToolsVersion = 26.4.1;
						TestTargetID = A2B2B68C2FB0145A004C6EEC;
					};
				};
			};
			buildConfigurationList = A2B2B6882FB0145A004C6EEC /* Build configuration list for PBXProject "Soul-Desktop" */;
			developmentRegion = en;
			hasScannedForEncodings = 0;
			knownRegions = (
				en,
				Base,
			);
			mainGroup = A2B2B6842FB0145A004C6EEC;
			minimizedProjectReferenceProxies = 1;
			packageReferences = (
				A2B2B98B2FB0CD51004C6EEC /* XCRemoteSwiftPackageReference "SwiftTerm" */,
				A2018E1A2FB51BB0000D1E87 /* XCRemoteSwiftPackageReference "Splash" */,
				A2018E1D2FB51C35000D1E87 /* XCRemoteSwiftPackageReference "Highlightr" */,
			);
			preferredProjectObjectVersion = 77;
			productRefGroup = A2B2B68E2FB0145A004C6EEC /* Products */;
			projectDirPath = "";
			projectRoot = "";
			targets = (
				A2B2B68C2FB0145A004C6EEC /* Soul-Desktop */,
				A2B2B69B2FB0145B004C6EEC /* Soul-DesktopTests */,
				A2B2B6A52FB0145B004C6EEC /* Soul-DesktopUITests */,
			);
		};
/* End PBXProject section */

/* Begin PBXResourcesBuildPhase section */
		A2B2B68B2FB0145A004C6EEC /* Resources */ = {
			isa = PBXResourcesBuildPhase;
			buildActionMask = 2147483647;
			files = (
			);
			runOnlyForDeploymentPostprocessing = 0;
		};
		A2B2B69A2FB0145B004C6EEC /* Resources */ = {
			isa = PBXResourcesBuildPhase;
			buildActionMask = 2147483647;
			files = (
			);
			runOnlyForDeploymentPostprocessing = 0;
		};
		A2B2B6A42FB0145B004C6EEC /* Resources */ = {
			isa = PBXResourcesBuildPhase;
			buildActionMask = 2147483647;
			files = (
			);
			runOnlyForDeploymentPostprocessing = 0;
		};
/* End PBXResourcesBuildPhase section */

/* Begin PBXShellScriptBuildPhase section */
		C0D3C0DE0000000000000005 /* Copy Bundled Gemini CLI */ = {
			isa = PBXShellScriptBuildPhase;
			alwaysOutOfDate = 1;
			buildActionMask = 2147483647;
			files = (
			);
			inputFileListPaths = (
			);
			inputPaths = (
				"$(SRCROOT)/Vendor/GeminiCLI",
			);
			name = "Copy Bundled Gemini CLI";
			outputFileListPaths = (
			);
			outputPaths = (
				"$(TARGET_BUILD_DIR)/$(UNLOCALIZED_RESOURCES_FOLDER_PATH)/GeminiCLI",
			);
			runOnlyForDeploymentPostprocessing = 0;
			shellPath = /bin/sh;
			shellScript = "set -e\nSRC=\"${SRCROOT}/Vendor/GeminiCLI\"\nDST=\"${TARGET_BUILD_DIR}/${UNLOCALIZED_RESOURCES_FOLDER_PATH}/GeminiCLI\"\nrm -rf \"$DST\"\nif [ -d \"$SRC\" ]; then\n  mkdir -p \"$(dirname \"$DST\")\"\n  ditto \"$SRC\" \"$DST\"\nfi\n";
		};
/* End PBXShellScriptBuildPhase section */

/* Begin PBXSourcesBuildPhase section */
		A2B2B6892FB0145A004C6EEC /* Sources */ = {
			isa = PBXSourcesBuildPhase;
			buildActionMask = 2147483647;
			files = (
			);
			runOnlyForDeploymentPostprocessing = 0;
		};
		A2B2B6982FB0145B004C6EEC /* Sources */ = {
			isa = PBXSourcesBuildPhase;
			buildActionMask = 2147483647;
			files = (
			);
			runOnlyForDeploymentPostprocessing = 0;
		};
		A2B2B6A22FB0145B004C6EEC /* Sources */ = {
			isa = PBXSourcesBuildPhase;
			buildActionMask = 2147483647;
			files = (
			);
			runOnlyForDeploymentPostprocessing = 0;
		};
/* End PBXSourcesBuildPhase section */

/* Begin PBXTargetDependency section */
		A2B2B69E2FB0145B004C6EEC /* PBXTargetDependency */ = {
			isa = PBXTargetDependency;
			target = A2B2B68C2FB0145A004C6EEC /* Soul-Desktop */;
			targetProxy = A2B2B69D2FB0145B004C6EEC /* PBXContainerItemProxy */;
		};
		A2B2B6A82FB0145B004C6EEC /* PBXTargetDependency */ = {
			isa = PBXTargetDependency;
			target = A2B2B68C2FB0145A004C6EEC /* Soul-Desktop */;
			targetProxy = A2B2B6A72FB0145B004C6EEC /* PBXContainerItemProxy */;
		};
/* End PBXTargetDependency section */

/* Begin XCBuildConfiguration section */
		A2B2B6AE2FB0145B004C6EEC /* Debug */ = {
			isa = XCBuildConfiguration;
			buildSettings = {
				ALWAYS_SEARCH_USER_PATHS = NO;
				ASSETCATALOG_COMPILER_GENERATE_SWIFT_ASSET_SYMBOL_EXTENSIONS = YES;
				CLANG_ANALYZER_NONNULL = YES;
				CLANG_ANALYZER_NUMBER_OBJECT_CONVERSION = YES_AGGRESSIVE;
				CLANG_CXX_LANGUAGE_STANDARD = "gnu++20";
				CLANG_ENABLE_MODULES = YES;
				CLANG_ENABLE_OBJC_ARC = YES;
				CLANG_ENABLE_OBJC_WEAK = YES;
				CLANG_WARN_BLOCK_CAPTURE_AUTORELEASING = YES;
				CLANG_WARN_BOOL_CONVERSION = YES;
				CLANG_WARN_COMMA = YES;
				CLANG_WARN_CONSTANT_CONVERSION = YES;
				CLANG_WARN_DEPRECATED_OBJC_IMPLEMENTATIONS = YES;
				CLANG_WARN_DIRECT_OBJC_ISA_USAGE = YES_ERROR;
				CLANG_WARN_DOCUMENTATION_COMMENTS = YES;
				CLANG_WARN_EMPTY_BODY = YES;
				CLANG_WARN_ENUM_CONVERSION = YES;
				CLANG_WARN_INFINITE_RECURSION = YES;
				CLANG_WARN_INT_CONVERSION = YES;
				CLANG_WARN_NON_LITERAL_NULL_CONVERSION = YES;
				CLANG_WARN_OBJC_IMPLICIT_RETAIN_SELF = YES;
				CLANG_WARN_OBJC_LITERAL_CONVERSION = YES;
				CLANG_WARN_OBJC_ROOT_CLASS = YES_ERROR;
				CLANG_WARN_QUOTED_INCLUDE_IN_FRAMEWORK_HEADER = YES;
				CLANG_WARN_RANGE_LOOP_ANALYSIS = YES;
				CLANG_WARN_STRICT_PROTOTYPES = YES;
				CLANG_WARN_SUSPICIOUS_MOVE = YES;
				CLANG_WARN_UNGUARDED_AVAILABILITY = YES_AGGRESSIVE;
				CLANG_WARN_UNREACHABLE_CODE = YES;
				CLANG_WARN__DUPLICATE_METHOD_MATCH = YES;
				COPY_PHASE_STRIP = NO;
				DEBUG_INFORMATION_FORMAT = dwarf;
				DEVELOPMENT_TEAM = TLES4YRYFC;
				ENABLE_STRICT_OBJC_MSGSEND = YES;
				ENABLE_TESTABILITY = YES;
				ENABLE_USER_SCRIPT_SANDBOXING = NO;
				GCC_C_LANGUAGE_STANDARD = gnu17;
				GCC_DYNAMIC_NO_PIC = NO;
				GCC_NO_COMMON_BLOCKS = YES;
				GCC_OPTIMIZATION_LEVEL = 0;
				GCC_PREPROCESSOR_DEFINITIONS = (
					"DEBUG=1",
					"$(inherited)",
				);
				GCC_WARN_64_TO_32_BIT_CONVERSION = YES;
				GCC_WARN_ABOUT_RETURN_TYPE = YES_ERROR;
				GCC_WARN_UNDECLARED_SELECTOR = YES;
				GCC_WARN_UNINITIALIZED_AUTOS = YES_AGGRESSIVE;
				GCC_WARN_UNUSED_FUNCTION = YES;
				GCC_WARN_UNUSED_VARIABLE = YES;
				LOCALIZATION_PREFERS_STRING_CATALOGS = YES;
				MACOSX_DEPLOYMENT_TARGET = 26.3;
				MTL_ENABLE_DEBUG_INFO = INCLUDE_SOURCE;
				MTL_FAST_MATH = YES;
				ONLY_ACTIVE_ARCH = YES;
				SDKROOT = macosx;
				SWIFT_ACTIVE_COMPILATION_CONDITIONS = "DEBUG $(inherited)";
				SWIFT_OPTIMIZATION_LEVEL = "-Onone";
			};
			name = Debug;
		};
		A2B2B6AF2FB0145B004C6EEC /* Release */ = {
			isa = XCBuildConfiguration;
			buildSettings = {
				ALWAYS_SEARCH_USER_PATHS = NO;
				ASSETCATALOG_COMPILER_GENERATE_SWIFT_ASSET_SYMBOL_EXTENSIONS = YES;
				CLANG_ANALYZER_NONNULL = YES;
				CLANG_ANALYZER_NUMBER_OBJECT_CONVERSION = YES_AGGRESSIVE;
				CLANG_CXX_LANGUAGE_STANDARD = "gnu++20";
				CLANG_ENABLE_MODULES = YES;
				CLANG_ENABLE_OBJC_ARC = YES;
				CLANG_ENABLE_OBJC_WEAK = YES;
				CLANG_WARN_BLOCK_CAPTURE_AUTORELEASING = YES;
				CLANG_WARN_BOOL_CONVERSION = YES;
				CLANG_WARN_COMMA = YES;
				CLANG_WARN_CONSTANT_CONVERSION = YES;
				CLANG_WARN_DEPRECATED_OBJC_IMPLEMENTATIONS = YES;
				CLANG_WARN_DIRECT_OBJC_ISA_USAGE = YES_ERROR;
				CLANG_WARN_DOCUMENTATION_COMMENTS = YES;
				CLANG_WARN_EMPTY_BODY = YES;
				CLANG_WARN_ENUM_CONVERSION = YES;
				CLANG_WARN_INFINITE_RECURSION = YES;
				CLANG_WARN_INT_CONVERSION = YES;
				CLANG_WARN_NON_LITERAL_NULL_CONVERSION = YES;
				CLANG_WARN_OBJC_IMPLICIT_RETAIN_SELF = YES;
				CLANG_WARN_OBJC_LITERAL_CONVERSION = YES;
				CLANG_WARN_OBJC_ROOT_CLASS = YES_ERROR;
				CLANG_WARN_QUOTED_INCLUDE_IN_FRAMEWORK_HEADER = YES;
				CLANG_WARN_RANGE_LOOP_ANALYSIS = YES;
				CLANG_WARN_STRICT_PROTOTYPES = YES;
				CLANG_WARN_SUSPICIOUS_MOVE = YES;
				CLANG_WARN_UNGUARDED_AVAILABILITY = YES_AGGRESSIVE;
				CLANG_WARN_UNREACHABLE_CODE = YES;
				CLANG_WARN__DUPLICATE_METHOD_MATCH = YES;
				COPY_PHASE_STRIP = NO;
				DEBUG_INFORMATION_FORMAT = "dwarf-with-dsym";
				DEVELOPMENT_TEAM = TLES4YRYFC;
				ENABLE_NS_ASSERTIONS = NO;
				ENABLE_STRICT_OBJC_MSGSEND = YES;
				ENABLE_USER_SCRIPT_SANDBOXING = NO;
				GCC_C_LANGUAGE_STANDARD = gnu17;
				GCC_NO_COMMON_BLOCKS = YES;
				GCC_WARN_64_TO_32_BIT_CONVERSION = YES;
				GCC_WARN_ABOUT_RETURN_TYPE = YES_ERROR;
				GCC_WARN_UNDECLARED_SELECTOR = YES;
				GCC_WARN_UNINITIALIZED_AUTOS = YES_AGGRESSIVE;
				GCC_WARN_UNUSED_FUNCTION = YES;
				GCC_WARN_UNUSED_VARIABLE = YES;
				LOCALIZATION_PREFERS_STRING_CATALOGS = YES;
				MACOSX_DEPLOYMENT_TARGET = 26.3;
				MTL_ENABLE_DEBUG_INFO = NO;
				MTL_FAST_MATH = YES;
				SDKROOT = macosx;
				SWIFT_COMPILATION_MODE = wholemodule;
			};
			name = Release;
		};
		A2B2B6B12FB0145B004C6EEC /* Debug */ = {
			isa = XCBuildConfiguration;
			baseConfigurationReference = C0D3C0DE0000000000000001 /* Channel-Dev.xcconfig */;
			buildSettings = {
				ASSETCATALOG_COMPILER_APPICON_NAME = AppIcon;
				ASSETCATALOG_COMPILER_GLOBAL_ACCENT_COLOR_NAME = AccentColor;
				CODE_SIGN_STYLE = Automatic;
				COMBINE_HIDPI_IMAGES = YES;
				CURRENT_PROJECT_VERSION = 1;
				DEVELOPMENT_TEAM = TLES4YRYFC;
				ENABLE_APP_SANDBOX = NO;
				ENABLE_HARDENED_RUNTIME = YES;
				ENABLE_PREVIEWS = YES;
				ENABLE_USER_SELECTED_FILES = readonly;
				GENERATE_INFOPLIST_FILE = YES;
				INFOPLIST_KEY_NSHumanReadableCopyright = "";
				LD_RUNPATH_SEARCH_PATHS = (
					"$(inherited)",
					"@executable_path/../Frameworks",
				);
				MARKETING_VERSION = 1.0;
				REGISTER_APP_GROUPS = YES;
				STRING_CATALOG_GENERATE_SYMBOLS = YES;
				SWIFT_APPROACHABLE_CONCURRENCY = YES;
				SWIFT_DEFAULT_ACTOR_ISOLATION = nonisolated;
				SWIFT_EMIT_LOC_STRINGS = YES;
				SWIFT_UPCOMING_FEATURE_MEMBER_IMPORT_VISIBILITY = YES;
				SWIFT_VERSION = 5.0;
			};
			name = Debug;
		};
		A2B2B6B22FB0145B004C6EEC /* Release */ = {
			isa = XCBuildConfiguration;
			baseConfigurationReference = C0D3C0DE0000000000000003 /* Channel-Production.xcconfig */;
			buildSettings = {
				ASSETCATALOG_COMPILER_APPICON_NAME = AppIcon;
				ASSETCATALOG_COMPILER_GLOBAL_ACCENT_COLOR_NAME = AccentColor;
				CODE_SIGN_STYLE = Automatic;
				COMBINE_HIDPI_IMAGES = YES;
				CURRENT_PROJECT_VERSION = 1;
				DEVELOPMENT_TEAM = TLES4YRYFC;
				ENABLE_APP_SANDBOX = NO;
				ENABLE_HARDENED_RUNTIME = YES;
				ENABLE_PREVIEWS = YES;
				ENABLE_USER_SELECTED_FILES = readonly;
				GENERATE_INFOPLIST_FILE = YES;
				INFOPLIST_KEY_NSHumanReadableCopyright = "";
				LD_RUNPATH_SEARCH_PATHS = (
					"$(inherited)",
					"@executable_path/../Frameworks",
				);
				MARKETING_VERSION = 1.0;
				REGISTER_APP_GROUPS = YES;
				STRING_CATALOG_GENERATE_SYMBOLS = YES;
				SWIFT_APPROACHABLE_CONCURRENCY = YES;
				SWIFT_DEFAULT_ACTOR_ISOLATION = nonisolated;
				SWIFT_EMIT_LOC_STRINGS = YES;
				SWIFT_UPCOMING_FEATURE_MEMBER_IMPORT_VISIBILITY = YES;
				SWIFT_VERSION = 5.0;
			};
			name = Release;
		};
		A2B2B6B42FB0145B004C6EEC /* Debug */ = {
			isa = XCBuildConfiguration;
			buildSettings = {
				BUNDLE_LOADER = "$(TEST_HOST)";
				CODE_SIGN_STYLE = Automatic;
				CURRENT_PROJECT_VERSION = 1;
				DEVELOPMENT_TEAM = TLES4YRYFC;
				GENERATE_INFOPLIST_FILE = YES;
				MACOSX_DEPLOYMENT_TARGET = 26.3;
				MARKETING_VERSION = 1.0;
				PRODUCT_BUNDLE_IDENTIFIER = "com.test.Soul-DesktopTests";
				PRODUCT_NAME = "$(TARGET_NAME)";
				STRING_CATALOG_GENERATE_SYMBOLS = NO;
				SWIFT_APPROACHABLE_CONCURRENCY = YES;
				SWIFT_EMIT_LOC_STRINGS = NO;
				SWIFT_UPCOMING_FEATURE_MEMBER_IMPORT_VISIBILITY = YES;
				SWIFT_VERSION = 5.0;
				TEST_HOST = "$(BUILT_PRODUCTS_DIR)/Soul-Desktop Dev.app/$(BUNDLE_EXECUTABLE_FOLDER_PATH)/Soul-Desktop Dev";
			};
			name = Debug;
		};
		A2B2B6B52FB0145B004C6EEC /* Release */ = {
			isa = XCBuildConfiguration;
			buildSettings = {
				BUNDLE_LOADER = "$(TEST_HOST)";
				CODE_SIGN_STYLE = Automatic;
				CURRENT_PROJECT_VERSION = 1;
				DEVELOPMENT_TEAM = TLES4YRYFC;
				GENERATE_INFOPLIST_FILE = YES;
				MACOSX_DEPLOYMENT_TARGET = 26.3;
				MARKETING_VERSION = 1.0;
				PRODUCT_BUNDLE_IDENTIFIER = "com.test.Soul-DesktopTests";
				PRODUCT_NAME = "$(TARGET_NAME)";
				STRING_CATALOG_GENERATE_SYMBOLS = NO;
				SWIFT_APPROACHABLE_CONCURRENCY = YES;
				SWIFT_EMIT_LOC_STRINGS = NO;
				SWIFT_UPCOMING_FEATURE_MEMBER_IMPORT_VISIBILITY = YES;
				SWIFT_VERSION = 5.0;
				TEST_HOST = "$(BUILT_PRODUCTS_DIR)/Soul-Desktop.app/$(BUNDLE_EXECUTABLE_FOLDER_PATH)/Soul-Desktop";
			};
			name = Release;
		};
		A2B2B6B72FB0145B004C6EEC /* Debug */ = {
			isa = XCBuildConfiguration;
			buildSettings = {
				CODE_SIGN_STYLE = Automatic;
				CURRENT_PROJECT_VERSION = 1;
				DEVELOPMENT_TEAM = TLES4YRYFC;
				GENERATE_INFOPLIST_FILE = YES;
				MARKETING_VERSION = 1.0;
				PRODUCT_BUNDLE_IDENTIFIER = "com.test.Soul-DesktopUITests";
				PRODUCT_NAME = "$(TARGET_NAME)";
				STRING_CATALOG_GENERATE_SYMBOLS = NO;
				SWIFT_APPROACHABLE_CONCURRENCY = YES;
				SWIFT_EMIT_LOC_STRINGS = NO;
				SWIFT_UPCOMING_FEATURE_MEMBER_IMPORT_VISIBILITY = YES;
				SWIFT_VERSION = 5.0;
				TEST_TARGET_NAME = "Soul-Desktop";
			};
			name = Debug;
		};
		A2B2B6B82FB0145B004C6EEC /* Release */ = {
			isa = XCBuildConfiguration;
			buildSettings = {
				CODE_SIGN_STYLE = Automatic;
				CURRENT_PROJECT_VERSION = 1;
				DEVELOPMENT_TEAM = TLES4YRYFC;
				GENERATE_INFOPLIST_FILE = YES;
				MARKETING_VERSION = 1.0;
				PRODUCT_BUNDLE_IDENTIFIER = "com.test.Soul-DesktopUITests";
				PRODUCT_NAME = "$(TARGET_NAME)";
				STRING_CATALOG_GENERATE_SYMBOLS = NO;
				SWIFT_APPROACHABLE_CONCURRENCY = YES;
				SWIFT_EMIT_LOC_STRINGS = NO;
				SWIFT_UPCOMING_FEATURE_MEMBER_IMPORT_VISIBILITY = YES;
				SWIFT_VERSION = 5.0;
				TEST_TARGET_NAME = "Soul-Desktop";
			};
			name = Release;
		};
		C0D3C0DE0000000000000010 /* Staging */ = {
			isa = XCBuildConfiguration;
			buildSettings = {
				ALWAYS_SEARCH_USER_PATHS = NO;
				ASSETCATALOG_COMPILER_GENERATE_SWIFT_ASSET_SYMBOL_EXTENSIONS = YES;
				CLANG_ANALYZER_NONNULL = YES;
				CLANG_ANALYZER_NUMBER_OBJECT_CONVERSION = YES_AGGRESSIVE;
				CLANG_CXX_LANGUAGE_STANDARD = "gnu++20";
				CLANG_ENABLE_MODULES = YES;
				CLANG_ENABLE_OBJC_ARC = YES;
				CLANG_ENABLE_OBJC_WEAK = YES;
				CLANG_WARN_BLOCK_CAPTURE_AUTORELEASING = YES;
				CLANG_WARN_BOOL_CONVERSION = YES;
				CLANG_WARN_COMMA = YES;
				CLANG_WARN_CONSTANT_CONVERSION = YES;
				CLANG_WARN_DEPRECATED_OBJC_IMPLEMENTATIONS = YES;
				CLANG_WARN_DIRECT_OBJC_ISA_USAGE = YES_ERROR;
				CLANG_WARN_DOCUMENTATION_COMMENTS = YES;
				CLANG_WARN_EMPTY_BODY = YES;
				CLANG_WARN_ENUM_CONVERSION = YES;
				CLANG_WARN_INFINITE_RECURSION = YES;
				CLANG_WARN_INT_CONVERSION = YES;
				CLANG_WARN_NON_LITERAL_NULL_CONVERSION = YES;
				CLANG_WARN_OBJC_IMPLICIT_RETAIN_SELF = YES;
				CLANG_WARN_OBJC_LITERAL_CONVERSION = YES;
				CLANG_WARN_OBJC_ROOT_CLASS = YES_ERROR;
				CLANG_WARN_QUOTED_INCLUDE_IN_FRAMEWORK_HEADER = YES;
				CLANG_WARN_RANGE_LOOP_ANALYSIS = YES;
				CLANG_WARN_STRICT_PROTOTYPES = YES;
				CLANG_WARN_SUSPICIOUS_MOVE = YES;
				CLANG_WARN_UNGUARDED_AVAILABILITY = YES_AGGRESSIVE;
				CLANG_WARN_UNREACHABLE_CODE = YES;
				CLANG_WARN__DUPLICATE_METHOD_MATCH = YES;
				COPY_PHASE_STRIP = NO;
				DEBUG_INFORMATION_FORMAT = "dwarf-with-dsym";
				DEVELOPMENT_TEAM = TLES4YRYFC;
				ENABLE_NS_ASSERTIONS = NO;
				ENABLE_STRICT_OBJC_MSGSEND = YES;
				ENABLE_USER_SCRIPT_SANDBOXING = NO;
				GCC_C_LANGUAGE_STANDARD = gnu17;
				GCC_NO_COMMON_BLOCKS = YES;
				GCC_WARN_64_TO_32_BIT_CONVERSION = YES;
				GCC_WARN_ABOUT_RETURN_TYPE = YES_ERROR;
				GCC_WARN_UNDECLARED_SELECTOR = YES;
				GCC_WARN_UNINITIALIZED_AUTOS = YES_AGGRESSIVE;
				GCC_WARN_UNUSED_FUNCTION = YES;
				GCC_WARN_UNUSED_VARIABLE = YES;
				LOCALIZATION_PREFERS_STRING_CATALOGS = YES;
				MACOSX_DEPLOYMENT_TARGET = 26.3;
				MTL_ENABLE_DEBUG_INFO = NO;
				MTL_FAST_MATH = YES;
				SDKROOT = macosx;
				SWIFT_COMPILATION_MODE = wholemodule;
			};
			name = Staging;
		};
		C0D3C0DE0000000000000011 /* Staging */ = {
			isa = XCBuildConfiguration;
			baseConfigurationReference = C0D3C0DE0000000000000002 /* Channel-Staging.xcconfig */;
			buildSettings = {
				ASSETCATALOG_COMPILER_APPICON_NAME = AppIcon;
				ASSETCATALOG_COMPILER_GLOBAL_ACCENT_COLOR_NAME = AccentColor;
				CODE_SIGN_STYLE = Automatic;
				COMBINE_HIDPI_IMAGES = YES;
				CURRENT_PROJECT_VERSION = 1;
				DEVELOPMENT_TEAM = TLES4YRYFC;
				ENABLE_APP_SANDBOX = NO;
				ENABLE_HARDENED_RUNTIME = YES;
				ENABLE_PREVIEWS = YES;
				ENABLE_USER_SELECTED_FILES = readonly;
				GENERATE_INFOPLIST_FILE = YES;
				INFOPLIST_KEY_NSHumanReadableCopyright = "";
				LD_RUNPATH_SEARCH_PATHS = (
					"$(inherited)",
					"@executable_path/../Frameworks",
				);
				MARKETING_VERSION = 1.0;
				REGISTER_APP_GROUPS = YES;
				STRING_CATALOG_GENERATE_SYMBOLS = YES;
				SWIFT_APPROACHABLE_CONCURRENCY = YES;
				SWIFT_DEFAULT_ACTOR_ISOLATION = nonisolated;
				SWIFT_EMIT_LOC_STRINGS = YES;
				SWIFT_UPCOMING_FEATURE_MEMBER_IMPORT_VISIBILITY = YES;
				SWIFT_VERSION = 5.0;
			};
			name = Staging;
		};
		C0D3C0DE0000000000000012 /* Staging */ = {
			isa = XCBuildConfiguration;
			buildSettings = {
				BUNDLE_LOADER = "$(TEST_HOST)";
				CODE_SIGN_STYLE = Automatic;
				CURRENT_PROJECT_VERSION = 1;
				DEVELOPMENT_TEAM = TLES4YRYFC;
				GENERATE_INFOPLIST_FILE = YES;
				MACOSX_DEPLOYMENT_TARGET = 26.3;
				MARKETING_VERSION = 1.0;
				PRODUCT_BUNDLE_IDENTIFIER = "com.test.Soul-DesktopTests.staging";
				PRODUCT_NAME = "$(TARGET_NAME)";
				STRING_CATALOG_GENERATE_SYMBOLS = NO;
				SWIFT_APPROACHABLE_CONCURRENCY = YES;
				SWIFT_EMIT_LOC_STRINGS = NO;
				SWIFT_UPCOMING_FEATURE_MEMBER_IMPORT_VISIBILITY = YES;
				SWIFT_VERSION = 5.0;
				TEST_HOST = "$(BUILT_PRODUCTS_DIR)/Soul-Desktop Staging.app/$(BUNDLE_EXECUTABLE_FOLDER_PATH)/Soul-Desktop Staging";
			};
			name = Staging;
		};
		C0D3C0DE0000000000000013 /* Staging */ = {
			isa = XCBuildConfiguration;
			buildSettings = {
				CODE_SIGN_STYLE = Automatic;
				CURRENT_PROJECT_VERSION = 1;
				DEVELOPMENT_TEAM = TLES4YRYFC;
				GENERATE_INFOPLIST_FILE = YES;
				MARKETING_VERSION = 1.0;
				PRODUCT_BUNDLE_IDENTIFIER = "com.test.Soul-DesktopUITests.staging";
				PRODUCT_NAME = "$(TARGET_NAME)";
				STRING_CATALOG_GENERATE_SYMBOLS = NO;
				SWIFT_APPROACHABLE_CONCURRENCY = YES;
				SWIFT_EMIT_LOC_STRINGS = NO;
				SWIFT_UPCOMING_FEATURE_MEMBER_IMPORT_VISIBILITY = YES;
				SWIFT_VERSION = 5.0;
				TEST_TARGET_NAME = "Soul-Desktop";
			};
			name = Staging;
		};
/* End XCBuildConfiguration section */

/* Begin XCConfigurationList section */
		A2B2B6882FB0145A004C6EEC /* Build configuration list for PBXProject "Soul-Desktop" */ = {
			isa = XCConfigurationList;
			buildConfigurations = (
				A2B2B6AE2FB0145B004C6EEC /* Debug */,
				C0D3C0DE0000000000000010 /* Staging */,
				A2B2B6AF2FB0145B004C6EEC /* Release */,
			);
			defaultConfigurationIsVisible = 0;
			defaultConfigurationName = Release;
		};
		A2B2B6B02FB0145B004C6EEC /* Build configuration list for PBXNativeTarget "Soul-Desktop" */ = {
			isa = XCConfigurationList;
			buildConfigurations = (
				A2B2B6B12FB0145B004C6EEC /* Debug */,
				C0D3C0DE0000000000000011 /* Staging */,
				A2B2B6B22FB0145B004C6EEC /* Release */,
			);
			defaultConfigurationIsVisible = 0;
			defaultConfigurationName = Release;
		};
		A2B2B6B32FB0145B004C6EEC /* Build configuration list for PBXNativeTarget "Soul-DesktopTests" */ = {
			isa = XCConfigurationList;
			buildConfigurations = (
				A2B2B6B42FB0145B004C6EEC /* Debug */,
				C0D3C0DE0000000000000012 /* Staging */,
				A2B2B6B52FB0145B004C6EEC /* Release */,
			);
			defaultConfigurationIsVisible = 0;
			defaultConfigurationName = Release;
		};
		A2B2B6B62FB0145B004C6EEC /* Build configuration list for PBXNativeTarget "Soul-DesktopUITests" */ = {
			isa = XCConfigurationList;
			buildConfigurations = (
				A2B2B6B72FB0145B004C6EEC /* Debug */,
				C0D3C0DE0000000000000013 /* Staging */,
				A2B2B6B82FB0145B004C6EEC /* Release */,
			);
			defaultConfigurationIsVisible = 0;
			defaultConfigurationName = Release;
		};
/* End XCConfigurationList section */

/* Begin XCRemoteSwiftPackageReference section */
		A2018E1A2FB51BB0000D1E87 /* XCRemoteSwiftPackageReference "Splash" */ = {
			isa = XCRemoteSwiftPackageReference;
			repositoryURL = "https://github.com/JohnSundell/Splash";
			requirement = {
				kind = upToNextMajorVersion;
				minimumVersion = 0.16.0;
			};
		};
		A2018E1D2FB51C35000D1E87 /* XCRemoteSwiftPackageReference "Highlightr" */ = {
			isa = XCRemoteSwiftPackageReference;
			repositoryURL = "https://github.com/raspu/Highlightr";
			requirement = {
				kind = upToNextMajorVersion;
				minimumVersion = 2.3.0;
			};
		};
		A2B2B98B2FB0CD51004C6EEC /* XCRemoteSwiftPackageReference "SwiftTerm" */ = {
			isa = XCRemoteSwiftPackageReference;
			repositoryURL = "https://github.com/migueldeicaza/SwiftTerm";
			requirement = {
				kind = upToNextMajorVersion;
				minimumVersion = 1.5.0;
			};
		};
/* End XCRemoteSwiftPackageReference section */

/* Begin XCSwiftPackageProductDependency section */
		A2018E1B2FB51BBE000D1E87 /* Splash */ = {
			isa = XCSwiftPackageProductDependency;
			package = A2018E1A2FB51BB0000D1E87 /* XCRemoteSwiftPackageReference "Splash" */;
			productName = Splash;
		};
		A2018E1E2FB51C3C000D1E87 /* Highlightr */ = {
			isa = XCSwiftPackageProductDependency;
			package = A2018E1D2FB51C35000D1E87 /* XCRemoteSwiftPackageReference "Highlightr" */;
			productName = Highlightr;
		};
		A2B2B98D2FB0D080004C6EEC /* SwiftTerm */ = {
			isa = XCSwiftPackageProductDependency;
			package = A2B2B98B2FB0CD51004C6EEC /* XCRemoteSwiftPackageReference "SwiftTerm" */;
			productName = SwiftTerm;
		};
/* End XCSwiftPackageProductDependency section */
	};
	rootObject = A2B2B6852FB0145A004C6EEC /* Project object */;
}
